
Microsoft Visual Studio Solution File, Format Version 12.00
# Visual Studio Version 17
VisualStudioVersion = 17.0.31903.59
MinimumVisualStudioVersion = 10.0.40219.1
Project("{2150E333-8FDC-42A3-9474-1A3956D46DE8}") = "src", "src", "{827E0CD3-B72D-47B6-A68D-7590B98EB39B}"
EndProject
Project("{FAE04EC0-301F-11D3-BF4B-00C04F79EFBC}") = "Rating.Domain", "src\Rating.Domain\Rating.Domain.csproj", "{66481E82-F523-40C6-B48D-6F8C5E9D81F3}"
EndProject
Project("{FAE04EC0-301F-11D3-BF4B-00C04F79EFBC}") = "Rating.Application", "src\Rating.Application\Rating.Application.csproj", "{CF8A2AF7-FCAB-4C1D-9DED-35A292FAD9BF}"
EndProject
Project("{FAE04EC0-301F-11D3-BF4B-00C04F79EFBC}") = "Rating.Infrastructure", "src\Rating.Infrastructure\Rating.Infrastructure.csproj", "{FC3C06D0-794E-45F1-974F-A7C653B23C2C}"
EndProject
Project("{FAE04EC0-301F-11D3-BF4B-00C04F79EFBC}") = "Rating.Api", "src\Rating.Api\Rating.Api.csproj", "{10CF8AC7-AB39-4B6E-BD7F-149FE79B0EDF}"
EndProject
Project("{2150E333-8FDC-42A3-9474-1A3956D46DE8}") = "tests", "tests", "{0AB3BF05-4346-4AA6-1389-037BE0695223}"
EndProject
Project("{FAE04EC0-301F-11D3-BF4B-00C04F79EFBC}") = "Rating.Domain.Tests", "tests\Rating.Domain.Tests\Rating.Domain.Tests.csproj", "{AFACC101-A952-45F2-AAF0-C0FC0EB79505}"
EndProject
Project("{FAE04EC0-301F-11D3-BF4B-00C04F79EFBC}") = "Rating.Infrastructure.Tests", "tests\Rating.Infrastructure.Tests\Rating.Infrastructure.Tests.csproj", "{33AEA6C3-0D69-4AE8-A9C1-670A65C9E0B3}"
EndProject
Global
	GlobalSection(SolutionConfigurationPlatforms) = preSolution
		Debug|Any CPU = Debug|Any CPU
		Debug|x64 = Debug|x64
		Debug|x86 = Debug|x86
		Release|Any CPU = Release|Any CPU
		Release|x64 = Release|x64
		Release|x86 = Release|x86
	EndGlobalSection
	GlobalSection(ProjectConfigurationPlatforms) = postSolution
		{66481E82-F523-40C6-B48D-6F8C5E9D81F3}.Debug|Any CPU.ActiveCfg = Debug|Any CPU
		{66481E82-F523-40C6-B48D-6F8C5E9D81F3}.Debug|Any CPU.Build.0 = Debug|Any CPU
		{66481E82-F523-40C6-B48D-6F8C5E9D81F3}.Debug|x64.ActiveCfg = Debug|Any CPU
		{66481E82-F523-40C6-B48D-6F8C5E9D81F3}.Debug|x64.Build.0 = Debug|Any CPU
		{66481E82-F523-40C6-B48D-6F8C5E9D81F3}.Debug|x86.ActiveCfg = Debug|Any CPU
		{66481E82-F523-40C6-B48D-6F8C5E9D81F3}.Debug|x86.Build.0 = Debug|Any CPU
		{66481E82-F523-40C6-B48D-6F8C5E9D81F3}.Release|Any CPU.ActiveCfg = Release|Any CPU
		{66481E82-F523-40C6-B48D-6F8C5E9D81F3}.Release|Any CPU.Build.0 = Release|Any CPU
		{66481E82-F523-40C6-B48D-6F8C5E9D81F3}.Release|x64.ActiveCfg = Release|Any CPU
		{66481E82-F523-40C6-B48D-6F8C5E9D81F3}.Release|x64.Build.0 = Release|Any CPU
		{66481E82-F523-40C6-B48D-6F8C5E9D81F3}.Release|x86.ActiveCfg = Release|Any CPU
		{66481E82-F523-40C6-B48D-6F8C5E9D81F3}.Release|x86.Build.0 = Release|Any CPU
		{CF8A2AF7-FCAB-4C1D-9DED-35A292FAD9BF}.Debug|Any CPU.ActiveCfg = Debug|Any CPU
		{CF8A2AF7-FCAB-4C1D-9DED-35A292FAD9BF}.Debug|Any CPU.Build.0 = Debug|Any CPU
		{CF8A2AF7-FCAB-4C1D-9DED-35A292FAD9BF}.Debug|x64.ActiveCfg = Debug|Any CPU
		{CF8A2AF7-FCAB-4C1D-9DED-35A292FAD9BF}.Debug|x64.Build.0 = Debug|Any CPU
		{CF8A2AF7-FCAB-4C1D-9DED-35A292FAD9BF}.Debug|x86.ActiveCfg = Debug|Any CPU
		{CF8A2AF7-FCAB-4C1D-9DED-35A292FAD9BF}.Debug|x86.Build.0 = Debug|Any CPU
		{CF8A2AF7-FCAB-4C1D-9DED-35A292FAD9BF}.Release|Any CPU.ActiveCfg = Release|Any CPU
		{CF8A2AF7-FCAB-4C1D-9DED-35A292FAD9BF}.Release|Any CPU.Build.0 = Release|Any CPU
		{CF8A2AF7-FCAB-4C1D-9DED-35A292FAD9BF}.Release|x64.ActiveCfg = Release|Any CPU
		{CF8A2AF7-FCAB-4C1D-9DED-35A292FAD9BF}.Release|x64.Build.0 = Release|Any CPU
		{CF8A2AF7-FCAB-4C1D-9DED-35A292FAD9BF}.Release|x86.ActiveCfg = Release|Any CPU
		{CF8A2AF7-FCAB-4C1D-9DED-35A292FAD9BF}.Release|x86.Build.0 = Release|Any CPU
		{FC3C06D0-794E-45F1-974F-A7C653B23C2C}.Debug|Any CPU.ActiveCfg = Debug|Any CPU
		{FC3C06D0-794E-45F1-974F-A7C653B23C2C}.Debug|Any CPU.Build.0 = Debug|Any CPU
		{FC3C06D0-794E-45F1-974F-A7C653B23C2C}.Debug|x64.ActiveCfg = Debug|Any CPU
		{FC3C06D0-794E-45F1-974F-A7C653B23C2C}.Debug|x64.Build.0 = Debug|Any CPU
		{FC3C06D0-794E-45F1-974F-A7C653B23C2C}.Debug|x86.ActiveCfg = Debug|Any CPU
		{FC3C06D0-794E-45F1-974F-A7C653B23C2C}.Debug|x86.Build.0 = Debug|Any CPU
		{FC3C06D0-794E-45F1-974F-A7C653B23C2C}.Release|Any CPU.ActiveCfg = Release|Any CPU
		{FC3C06D0-794E-45F1-974F-A7C653B23C2C}.Release|Any CPU.Build.0 = Release|Any CPU
		{FC3C06D0-794E-45F1-974F-A7C653B23C2C}.Release|x64.ActiveCfg = Release|Any CPU
		{FC3C06D0-794E-45F1-974F-A7C653B23C2C}.Release|x64.Build.0 = Release|Any CPU
		{FC3C06D0-794E-45F1-974F-A7C653B23C2C}.Release|x86.ActiveCfg = Release|Any CPU
		{FC3C06D0-794E-45F1-974F-A7C653B23C2C}.Release|x86.Build.0 = Release|Any CPU
		{10CF8AC7-AB39-4B6E-BD7F-149FE79B0EDF}.Debug|Any CPU.ActiveCfg = Debug|Any CPU
		{10CF8AC7-AB39-4B6E-BD7F-149FE79B0EDF}.Debug|Any CPU.Build.0 = Debug|Any CPU
		{10CF8AC7-AB39-4B6E-BD7F-149FE79B0EDF}.Debug|x64.ActiveCfg = Debug|Any CPU
		{10CF8AC7-AB39-4B6E-BD7F-149FE79B0EDF}.Debug|x64.Build.0 = Debug|Any CPU
		{10CF8AC7-AB39-4B6E-BD7F-149FE79B0EDF}.Debug|x86.ActiveCfg = Debug|Any CPU
		{10CF8AC7-AB39-4B6E-BD7F-149FE79B0EDF}.Debug|x86.Build.0 = Debug|Any CPU
		{10CF8AC7-AB39-4B6E-BD7F-149FE79B0EDF}.Release|Any CPU.ActiveCfg = Release|Any CPU
		{10CF8AC7-AB39-4B6E-BD7F-149FE79B0EDF}.Release|Any CPU.Build.0 = Release|Any CPU
		{10CF8AC7-AB39-4B6E-BD7F-149FE79B0EDF}.Release|x64.ActiveCfg = Release|Any CPU
		{10CF8AC7-AB39-4B6E-BD7F-149FE79B0EDF}.Release|x64.Build.0 = Release|Any CPU
		{10CF8AC7-AB39-4B6E-BD7F-149FE79B0EDF}.Release|x86.ActiveCfg = Release|Any CPU
		{10CF8AC7-AB39-4B6E-BD7F-149FE79B0EDF}.Release|x86.Build.0 = Release|Any CPU
		{AFACC101-A952-45F2-AAF0-C0FC0EB79505}.Debug|Any CPU.ActiveCfg = Debug|Any CPU
		{AFACC101-A952-45F2-AAF0-C0FC0EB79505}.Debug|Any CPU.Build.0 = Debug|Any CPU
		{AFACC101-A952-45F2-AAF0-C0FC0EB79505}.Debug|x64.ActiveCfg = Debug|Any CPU
		{AFACC101-A952-45F2-AAF0-C0FC0EB79505}.Debug|x64.Build.0 = Debug|Any CPU
		{AFACC101-A952-45F2-AAF0-C0FC0EB79505}.Debug|x86.ActiveCfg = Debug|Any CPU
		{AFACC101-A952-45F2-AAF0-C0FC0EB79505}.Debug|x86.Build.0 = Debug|Any CPU
		{AFACC101-A952-45F2-AAF0-C0FC0EB79505}.Release|Any CPU.ActiveCfg = Release|Any CPU
		{AFACC101-A952-45F2-AAF0-C0FC0EB79505}.Release|Any CPU.Build.0 = Release|Any CPU
		{AFACC101-A952-45F2-AAF0-C0FC0EB79505}.Release|x64.ActiveCfg = Release|Any CPU
		{AFACC101-A952-45F2-AAF0-C0FC0EB79505}.Release|x64.Build.0 = Release|Any CPU
		{AFACC101-A952-45F2-AAF0-C0FC0EB79505}.Release|x86.ActiveCfg = Release|Any CPU
		{AFACC101-A952-45F2-AAF0-C0FC0EB79505}.Release|x86.Build.0 = Release|Any CPU
		{33AEA6C3-0D69-4AE8-A9C1-670A65C9E0B3}.Debug|Any CPU.ActiveCfg = Debug|Any CPU
		{33AEA6C3-0D69-4AE8-A9C1-670A65C9E0B3}.Debug|Any CPU.Build.0 = Debug|Any CPU
		{33AEA6C3-0D69-4AE8-A9C1-670A65C9E0B3}.Debug|x64.ActiveCfg = Debug|Any CPU
		{33AEA6C3-0D69-4AE8-A9C1-670A65C9E0B3}.Debug|x64.Build.0 = Debug|Any CPU
		{33AEA6C3-0D69-4AE8-A9C1-670A65C9E0B3}.Debug|x86.ActiveCfg = Debug|Any CPU
		{33AEA6C3-0D69-4AE8-A9C1-670A65C9E0B3}.Debug|x86.Build.0 = Debug|Any CPU
		{33AEA6C3-0D69-4AE8-A9C1-670A65C9E0B3}.Release|Any CPU.ActiveCfg = Release|Any CPU
		{33AEA6C3-0D69-4AE8-A9C1-670A65C9E0B3}.Release|Any CPU.Build.0 = Release|Any CPU
		{33AEA6C3-0D69-4AE8-A9C1-670A65C9E0B3}.Release|x64.ActiveCfg = Release|Any CPU
		{33AEA6C3-0D69-4AE8-A9C1-670A65C9E0B3}.Release|x64.Build.0 = Release|Any CPU
		{33AEA6C3-0D69-4AE8-A9C1-670A65C9E0B3}.Release|x86.ActiveCfg = Release|Any CPU
		{33AEA6C3-0D69-4AE8-A9C1-670A65C9E0B3}.Release|x86.Build.0 = Release|Any CPU
	EndGlobalSection
	GlobalSection(SolutionProperties) = preSolution
		HideSolutionNode = FALSE
	EndGlobalSection
	GlobalSection(NestedProjects) = preSolution
		{66481E82-F523-40C6-B48D-6F8C5E9D81F3} = {827E0CD3-B72D-47B6-A68D-7590B98EB39B}
		{CF8A2AF7-FCAB-4C1D-9DED-35A292FAD9BF} = {827E0CD3-B72D-47B6-A68D-7590B98EB39B}
		{FC3C06D0-794E-45F1-974F-A7C653B23C2C} = {827E0CD3-B72D-47B6-A68D-7590B98EB39B}
		{10CF8AC7-AB39-4B6E-BD7F-149FE79B0EDF} = {827E0CD3-B72D-47B6-A68D-7590B98EB39B}
		{AFACC101-A952-45F2-AAF0-C0FC0EB79505} = {0AB3BF05-4346-4AA6-1389-037BE0695223}
		{33AEA6C3-0D69-4AE8-A9C1-670A65C9E0B3} = {0AB3BF05-4346-4AA6-1389-037BE0695223}
	EndGlobalSection
EndGlobal
